
Microsoft Visual Studio Solution File, Format Version 12.00
# Visual Studio Version 17
VisualStudioVersion = 17.7.34202.233
MinimumVisualStudioVersion = 10.0.40219.1
Project("{FAE04EC0-301F-11D3-BF4B-00C04F79EFBC}") = "Diagrama de Flujo", "Diagrama de Flujo.csproj", "{92F6B14C-C81F-4AEB-9580-4383C3DEE2CA}"
EndProject
Global
	GlobalSection(SolutionConfigurationPlatforms) = preSolution
		Debug|Any CPU = Debug|Any CPU
		Release|Any CPU = Release|Any CPU
	EndGlobalSection
	GlobalSection(ProjectConfigurationPlatforms) = postSolution
		{92F6B14C-C81F-4AEB-9580-4383C3DEE2CA}.Debug|Any CPU.ActiveCfg = Debug|Any CPU
		{92F6B14C-C81F-4AEB-9580-4383C3DEE2CA}.Debug|Any CPU.Build.0 = Debug|Any CPU
		{92F6B14C-C81F-4AEB-9580-4383C3DEE2CA}.Release|Any CPU.ActiveCfg = Release|Any CPU
		{92F6B14C-C81F-4AEB-9580-4383C3DEE2CA}.Release|Any CPU.Build.0 = Release|Any CPU
	EndGlobalSection
	GlobalSection(SolutionProperties) = preSolution
		HideSolutionNode = FALSE
	EndGlobalSection
	GlobalSection(ExtensibilityGlobals) = postSolution
		SolutionGuid = {2354A936-4EBA-4785-BF8B-928792FCD9C1}
	EndGlobalSection
EndGlobal
